# This file is automatically @generated by Cargo.
# It is not intended for manual editing.
version = 3

[[package]]
name = "auto_matching"
version = "0.1.0"
dependencies = [
 "primitive",
]

[[package]]
name = "primitive"
version = "0.1.0"
source = "git+https://github.com/Banyc/primitive.git?tag=v0.0.2#68417629c19dbef9e13955899d377edc699e7820"
