# This file is automatically @generated by Cargo.
# It is not intended for manual editing.
version = 3

[[package]]
name = "auto_matching"
version = "0.1.0"
dependencies = [
 "primitive",
]

[[package]]
name = "primitive"
version = "0.1.0"
source = "git+https://github.com/Banyc/primitive.git?tag=v0.0.2#6311a5c2d702e3f2a6279111ab6b9d8f88114e1c"
